// !$*UTF8*$!
{
	archiveVersion = 1;
	classes = {
	};
	objectVersion = 50;
	objects = {

/* Begin PBXBuildFile section */
		C0BF322128C5978400FF062C /* HelloXcodeApp.swift in Sources */ = {isa = PBXBuildFile; fileRef = C0BF322028C5978400FF062C /* HelloXcodeApp.swift */; };
		C0BF322328C5978400FF062C /* ContentView.swift in Sources */ = {isa = PBXBuildFile; fileRef = C0BF322228C5978400FF062C /* ContentView.swift */; };
		C0BF322528C5978500FF062C /* Assets.xcassets in Resources */ = {isa = PBXBuildFile; fileRef = C0BF322428C5978500FF062C /* Assets.xcassets */; };
		C0BF322828C5978500FF062C /* Preview Assets.xcassets in Resources */ = {isa = PBXBuildFile; fileRef = C0BF322728C5978500FF062C /* Preview Assets.xcassets */; };
		C0BF323328C5978600FF062C /* HelloXcodeTests.swift in Sources */ = {isa = PBXBuildFile; fileRef = C0BF323228C5978600FF062C /* HelloXcodeTests.swift */; };
		C0BF323E28C5978600FF062C /* HelloXcodeUITests.swift in Sources */ = {isa = PBXBuildFile; fileRef = C0BF323D28C5978600FF062C /* HelloXcodeUITests.swift */; };
/* End PBXBuildFile section */

/* Begin PBXContainerItemProxy section */
		C0BF322F28C5978600FF062C /* PBXContainerItemProxy */ = {
			isa = PBXContainerItemProxy;
			containerPortal = C0BF321528C5978400FF062C /* Project object */;
			proxyType = 1;
			remoteGlobalIDString = C0BF321C28C5978400FF062C;
			remoteInfo = HelloXcode;
		};
		C0BF323A28C5978600FF062C /* PBXContainerItemProxy */ = {
			isa = PBXContainerItemProxy;
			containerPortal = C0BF321528C5978400FF062C /* Project object */;
			proxyType = 1;
			remoteGlobalIDString = C0BF321C28C5978400FF062C;
			remoteInfo = HelloXcode;
		};
/* End PBXContainerItemProxy section */

/* Begin PBXFileReference section */
		C0BF321D28C5978400FF062C /* HelloXcode.app */ = {isa = PBXFileReference; explicitFileType = wrapper.application; includeInIndex = 0; path = HelloXcode.app; sourceTree = BUILT_PRODUCTS_DIR; };
		C0BF322028C5978400FF062C /* HelloXcodeApp.swift */ = {isa = PBXFileReference; lastKnownFileType = sourcecode.swift; path = HelloXcodeApp.swift; sourceTree = "<group>"; };
		C0BF322228C5978400FF062C /* ContentView.swift */ = {isa = PBXFileReference; lastKnownFileType = sourcecode.swift; path = ContentView.swift; sourceTree = "<group>"; };
		C0BF322428C5978500FF062C /* Assets.xcassets */ = {isa = PBXFileReference; lastKnownFileType = folder.assetcatalog; path = Assets.xcassets; sourceTree = "<group>"; };
		C0BF322728C5978500FF062C /* Preview Assets.xcassets */ = {isa = PBXFileReference; lastKnownFileType = folder.assetcatalog; path = "Preview Assets.xcassets"; sourceTree = "<group>"; };
		C0BF322928C5978500FF062C /* Info.plist */ = {isa = PBXFileReference; lastKnownFileType = text.plist.xml; path = Info.plist; sourceTree = "<group>"; };
		C0BF322E28C5978600FF062C /* HelloXcodeTests.xctest */ = {isa = PBXFileReference; explicitFileType = wrapper.cfbundle; includeInIndex = 0; path = HelloXcodeTests.xctest; sourceTree = BUILT_PRODUCTS_DIR; };
		C0BF323228C5978600FF062C /* HelloXcodeTests.swift */ = {isa = PBXFileReference; lastKnownFileType = sourcecode.swift; path = HelloXcodeTests.swift; sourceTree = "<group>"; };
		C0BF323428C5978600FF062C /* Info.plist */ = {isa = PBXFileReference; lastKnownFileType = text.plist.xml; path = Info.plist; sourceTree = "<group>"; };
		C0BF323928C5978600FF062C /* HelloXcodeUITests.xctest */ = {isa = PBXFileReference; explicitFileType = wrapper.cfbundle; includeInIndex = 0; path = HelloXcodeUITests.xctest; sourceTree = BUILT_PRODUCTS_DIR; };
		C0BF323D28C5978600FF062C /* HelloXcodeUITests.swift */ = {isa = PBXFileReference; lastKnownFileType = sourcecode.swift; path = HelloXcodeUITests.swift; sourceTree = "<group>"; };
		C0BF323F28C5978600FF062C /* Info.plist */ = {isa = PBXFileReference; lastKnownFileType = text.plist.xml; path = Info.plist; sourceTree = "<group>"; };
/* End PBXFileReference section */

/* Begin PBXFrameworksBuildPhase section */
		C0BF321A28C5978400FF062C /* Frameworks */ = {
			isa = PBXFrameworksBuildPhase;
			buildActionMask = 2147483647;
			files = (
			);
			runOnlyForDeploymentPostprocessing = 0;
		};
		C0BF322B28C5978600FF062C /* Frameworks */ = {
			isa = PBXFrameworksBuildPhase;
			buildActionMask = 2147483647;
			files = (
			);
			runOnlyForDeploymentPostprocessing = 0;
		};
		C0BF323628C5978600FF062C /* Frameworks */ = {
			isa = PBXFrameworksBuildPhase;
			buildActionMask = 2147483647;
			files = (
			);
			runOnlyForDeploymentPostprocessing = 0;
		};
/* End PBXFrameworksBuildPhase section */

/* Begin PBXGroup section */
		C0BF321428C5978400FF062C = {
			isa = PBXGroup;
			children = (
				C0BF321F28C5978400FF062C /* HelloXcode */,
				C0BF323128C5978600FF062C /* HelloXcodeTests */,
				C0BF323C28C5978600FF062C /* HelloXcodeUITests */,
				C0BF321E28C5978400FF062C /* Products */,
			);
			sourceTree = "<group>";
		};
		C0BF321E28C5978400FF062C /* Products */ = {
			isa = PBXGroup;
			children = (
				C0BF321D28C5978400FF062C /* HelloXcode.app */,
				C0BF322E28C5978600FF062C /* HelloXcodeTests.xctest */,
				C0BF323928C5978600FF062C /* HelloXcodeUITests.xctest */,
			);
			name = Products;
			sourceTree = "<group>";
		};
		C0BF321F28C5978400FF062C /* HelloXcode */ = {
			isa = PBXGroup;
			children = (
				C0BF322028C5978400FF062C /* HelloXcodeApp.swift */,
				C0BF322228C5978400FF062C /* ContentView.swift */,
				C0BF322428C5978500FF062C /* Assets.xcassets */,
				C0BF322928C5978500FF062C /* Info.plist */,
				C0BF322628C5978500FF062C /* Preview Content */,
			);
			path = HelloXcode;
			sourceTree = "<group>";
		};
		C0BF322628C5978500FF062C /* Preview Content */ = {
			isa = PBXGroup;
			children = (
				C0BF322728C5978500FF062C /* Preview Assets.xcassets */,
			);
			path = "Preview Content";
			sourceTree = "<group>";
		};
		C0BF323128C5978600FF062C /* HelloXcodeTests */ = {
			isa = PBXGroup;
			children = (
				C0BF323228C5978600FF062C /* HelloXcodeTests.swift */,
				C0BF323428C5978600FF062C /* Info.plist */,
			);
			path = HelloXcodeTests;
			sourceTree = "<group>";
		};
		C0BF323C28C5978600FF062C /* HelloXcodeUITests */ = {
			isa = PBXGroup;
			children = (
				C0BF323D28C5978600FF062C /* HelloXcodeUITests.swift */,
				C0BF323F28C5978600FF062C /* Info.plist */,
			);
			path = HelloXcodeUITests;
			sourceTree = "<group>";
		};
/* End PBXGroup section */

/* Begin PBXNativeTarget section */
		C0BF321C28C5978400FF062C /* HelloXcode */ = {
			isa = PBXNativeTarget;
			buildConfigurationList = C0BF324228C5978600FF062C /* Build configuration list for PBXNativeTarget "HelloXcode" */;
			buildPhases = (
				C0BF321928C5978400FF062C /* Sources */,
				C0BF321A28C5978400FF062C /* Frameworks */,
				C0BF321B28C5978400FF062C /* Resources */,
			);
			buildRules = (
			);
			dependencies = (
			);
			name = HelloXcode;
			productName = HelloXcode;
			productReference = C0BF321D28C5978400FF062C /* HelloXcode.app */;
			productType = "com.apple.product-type.application";
		};
		C0BF322D28C5978600FF062C /* HelloXcodeTests */ = {
			isa = PBXNativeTarget;
			buildConfigurationList = C0BF324528C5978600FF062C /* Build configuration list for PBXNativeTarget "HelloXcodeTests" */;
			buildPhases = (
				C0BF322A28C5978600FF062C /* Sources */,
				C0BF322B28C5978600FF062C /* Frameworks */,
				C0BF322C28C5978600FF062C /* Resources */,
			);
			buildRules = (
			);
			dependencies = (
				C0BF323028C5978600FF062C /* PBXTargetDependency */,
			);
			name = HelloXcodeTests;
			productName = HelloXcodeTests;
			productReference = C0BF322E28C5978600FF062C /* HelloXcodeTests.xctest */;
			productType = "com.apple.product-type.bundle.unit-test";
		};
		C0BF323828C5978600FF062C /* HelloXcodeUITests */ = {
			isa = PBXNativeTarget;
			buildConfigurationList = C0BF324828C5978600FF062C /* Build configuration list for PBXNativeTarget "HelloXcodeUITests" */;
			buildPhases = (
				C0BF323528C5978600FF062C /* Sources */,
				C0BF323628C5978600FF062C /* Frameworks */,
				C0BF323728C5978600FF062C /* Resources */,
			);
			buildRules = (
			);
			dependencies = (
				C0BF323B28C5978600FF062C /* PBXTargetDependency */,
			);
			name = HelloXcodeUITests;
			productName = HelloXcodeUITests;
			productReference = C0BF323928C5978600FF062C /* HelloXcodeUITests.xctest */;
			productType = "com.apple.product-type.bundle.ui-testing";
		};
/* End PBXNativeTarget section */

/* Begin PBXProject section */
		C0BF321528C5978400FF062C /* Project object */ = {
			isa = PBXProject;
			attributes = {
				LastSwiftUpdateCheck = 1200;
				LastUpgradeCheck = 1200;
				TargetAttributes = {
					C0BF321C28C5978400FF062C = {
						CreatedOnToolsVersion = 12.0;
					};
					C0BF322D28C5978600FF062C = {
						CreatedOnToolsVersion = 12.0;
						TestTargetID = C0BF321C28C5978400FF062C;
					};
					C0BF323828C5978600FF062C = {
						CreatedOnToolsVersion = 12.0;
						TestTargetID = C0BF321C28C5978400FF062C;
					};
				};
			};
			buildConfigurationList = C0BF321828C5978400FF062C /* Build configuration list for PBXProject "HelloXcode" */;
			compatibilityVersion = "Xcode 9.3";
			developmentRegion = en;
			hasScannedForEncodings = 0;
			knownRegions = (
				en,
				Base,
			);
			mainGroup = C0BF321428C5978400FF062C;
			productRefGroup = C0BF321E28C5978400FF062C /* Products */;
			projectDirPath = "";
			projectRoot = "";
			targets = (
				C0BF321C28C5978400FF062C /* HelloXcode */,
				C0BF322D28C5978600FF062C /* HelloXcodeTests */,
				C0BF323828C5978600FF062C /* HelloXcodeUITests */,
			);
		};
/* End PBXProject section */

/* Begin PBXResourcesBuildPhase section */
		C0BF321B28C5978400FF062C /* Resources */ = {
			isa = PBXResourcesBuildPhase;
			buildActionMask = 2147483647;
			files = (
				C0BF322828C5978500FF062C /* Preview Assets.xcassets in Resources */,
				C0BF322528C5978500FF062C /* Assets.xcassets in Resources */,
			);
			runOnlyForDeploymentPostprocessing = 0;
		};
		C0BF322C28C5978600FF062C /* Resources */ = {
			isa = PBXResourcesBuildPhase;
			buildActionMask = 2147483647;
			files = (
			);
			runOnlyForDeploymentPostprocessing = 0;
		};
		C0BF323728C5978600FF062C /* Resources */ = {
			isa = PBXResourcesBuildPhase;
			buildActionMask = 2147483647;
			files = (
			);
			runOnlyForDeploymentPostprocessing = 0;
		};
/* End PBXResourcesBuildPhase section */

/* Begin PBXSourcesBuildPhase section */
		C0BF321928C5978400FF062C /* Sources */ = {
			isa = PBXSourcesBuildPhase;
			buildActionMask = 2147483647;
			files = (
				C0BF322328C5978400FF062C /* ContentView.swift in Sources */,
				C0BF322128C5978400FF062C /* HelloXcodeApp.swift in Sources */,
			);
			runOnlyForDeploymentPostprocessing = 0;
		};
		C0BF322A28C5978600FF062C /* Sources */ = {
			isa = PBXSourcesBuildPhase;
			buildActionMask = 2147483647;
			files = (
				C0BF323328C5978600FF062C /* HelloXcodeTests.swift in Sources */,
			);
			runOnlyForDeploymentPostprocessing = 0;
		};
		C0BF323528C5978600FF062C /* Sources */ = {
			isa = PBXSourcesBuildPhase;
			buildActionMask = 2147483647;
			files = (
				C0BF323E28C5978600FF062C /* HelloXcodeUITests.swift in Sources */,
			);
			runOnlyForDeploymentPostprocessing = 0;
		};
/* End PBXSourcesBuildPhase section */

/* Begin PBXTargetDependency section */
		C0BF323028C5978600FF062C /* PBXTargetDependency */ = {
			isa = PBXTargetDependency;
			target = C0BF321C28C5978400FF062C /* HelloXcode */;
			targetProxy = C0BF322F28C5978600FF062C /* PBXContainerItemProxy */;
		};
		C0BF323B28C5978600FF062C /* PBXTargetDependency */ = {
			isa = PBXTargetDependency;
			target = C0BF321C28C5978400FF062C /* HelloXcode */;
			targetProxy = C0BF323A28C5978600FF062C /* PBXContainerItemProxy */;
		};
/* End PBXTargetDependency section */

/* Begin XCBuildConfiguration section */
		C0BF324028C5978600FF062C /* Debug */ = {
			isa = XCBuildConfiguration;
			buildSettings = {
				ALWAYS_SEARCH_USER_PATHS = NO;
				CLANG_ANALYZER_NONNULL = YES;
				CLANG_ANALYZER_NUMBER_OBJECT_CONVERSION = YES_AGGRESSIVE;
				CLANG_CXX_LANGUAGE_STANDARD = "gnu++14";
				CLANG_CXX_LIBRARY = "libc++";
				CLANG_ENABLE_MODULES = YES;
				CLANG_ENABLE_OBJC_ARC = YES;
				CLANG_ENABLE_OBJC_WEAK = YES;
				CLANG_WARN_BLOCK_CAPTURE_AUTORELEASING = YES;
				CLANG_WARN_BOOL_CONVERSION = YES;
				CLANG_WARN_COMMA = YES;
				CLANG_WARN_CONSTANT_CONVERSION = YES;
				CLANG_WARN_DEPRECATED_OBJC_IMPLEMENTATIONS = YES;
				CLANG_WARN_DIRECT_OBJC_ISA_USAGE = YES_ERROR;
				CLANG_WARN_DOCUMENTATION_COMMENTS = YES;
				CLANG_WARN_EMPTY_BODY = YES;
				CLANG_WARN_ENUM_CONVERSION = YES;
				CLANG_WARN_INFINITE_RECURSION = YES;
				CLANG_WARN_INT_CONVERSION = YES;
				CLANG_WARN_NON_LITERAL_NULL_CONVERSION = YES;
				CLANG_WARN_OBJC_IMPLICIT_RETAIN_SELF = YES;
				CLANG_WARN_OBJC_LITERAL_CONVERSION = YES;
				CLANG_WARN_OBJC_ROOT_CLASS = YES_ERROR;
				CLANG_WARN_QUOTED_INCLUDE_IN_FRAMEWORK_HEADER = YES;
				CLANG_WARN_RANGE_LOOP_ANALYSIS = YES;
				CLANG_WARN_STRICT_PROTOTYPES = YES;
				CLANG_WARN_SUSPICIOUS_MOVE = YES;
				CLANG_WARN_UNGUARDED_AVAILABILITY = YES_AGGRESSIVE;
				CLANG_WARN_UNREACHABLE_CODE = YES;
				CLANG_WARN__DUPLICATE_METHOD_MATCH = YES;
				COPY_PHASE_STRIP = NO;
				DEBUG_INFORMATION_FORMAT = dwarf;
				ENABLE_STRICT_OBJC_MSGSEND = YES;
				ENABLE_TESTABILITY = YES;
				GCC_C_LANGUAGE_STANDARD = gnu11;
				GCC_DYNAMIC_NO_PIC = NO;
				GCC_NO_COMMON_BLOCKS = YES;
				GCC_OPTIMIZATION_LEVEL = 0;
				GCC_PREPROCESSOR_DEFINITIONS = (
					"DEBUG=1",
					"$(inherited)",
				);
				GCC_WARN_64_TO_32_BIT_CONVERSION = YES;
				GCC_WARN_ABOUT_RETURN_TYPE = YES_ERROR;
				GCC_WARN_UNDECLARED_SELECTOR = YES;
				GCC_WARN_UNINITIALIZED_AUTOS = YES_AGGRESSIVE;
				GCC_WARN_UNUSED_FUNCTION = YES;
				GCC_WARN_UNUSED_VARIABLE = YES;
				IPHONEOS_DEPLOYMENT_TARGET = 14.0;
				MTL_ENABLE_DEBUG_INFO = INCLUDE_SOURCE;
				MTL_FAST_MATH = YES;
				ONLY_ACTIVE_ARCH = YES;
				SDKROOT = iphoneos;
				SWIFT_ACTIVE_COMPILATION_CONDITIONS = DEBUG;
				SWIFT_OPTIMIZATION_LEVEL = "-Onone";
			};
			name = Debug;
		};
		C0BF324128C5978600FF062C /* Release */ = {
			isa = XCBuildConfiguration;
			buildSettings = {
				ALWAYS_SEARCH_USER_PATHS = NO;
				CLANG_ANALYZER_NONNULL = YES;
				CLANG_ANALYZER_NUMBER_OBJECT_CONVERSION = YES_AGGRESSIVE;
				CLANG_CXX_LANGUAGE_STANDARD = "gnu++14";
				CLANG_CXX_LIBRARY = "libc++";
				CLANG_ENABLE_MODULES = YES;
				CLANG_ENABLE_OBJC_ARC = YES;
				CLANG_ENABLE_OBJC_WEAK = YES;
				CLANG_WARN_BLOCK_CAPTURE_AUTORELEASING = YES;
				CLANG_WARN_BOOL_CONVERSION = YES;
				CLANG_WARN_COMMA = YES;
				CLANG_WARN_CONSTANT_CONVERSION = YES;
				CLANG_WARN_DEPRECATED_OBJC_IMPLEMENTATIONS = YES;
				CLANG_WARN_DIRECT_OBJC_ISA_USAGE = YES_ERROR;
				CLANG_WARN_DOCUMENTATION_COMMENTS = YES;
				CLANG_WARN_EMPTY_BODY = YES;
				CLANG_WARN_ENUM_CONVERSION = YES;
				CLANG_WARN_INFINITE_RECURSION = YES;
				CLANG_WARN_INT_CONVERSION = YES;
				CLANG_WARN_NON_LITERAL_NULL_CONVERSION = YES;
				CLANG_WARN_OBJC_IMPLICIT_RETAIN_SELF = YES;
				CLANG_WARN_OBJC_LITERAL_CONVERSION = YES;
				CLANG_WARN_OBJC_ROOT_CLASS = YES_ERROR;
				CLANG_WARN_QUOTED_INCLUDE_IN_FRAMEWORK_HEADER = YES;
				CLANG_WARN_RANGE_LOOP_ANALYSIS = YES;
				CLANG_WARN_STRICT_PROTOTYPES = YES;
				CLANG_WARN_SUSPICIOUS_MOVE = YES;
				CLANG_WARN_UNGUARDED_AVAILABILITY = YES_AGGRESSIVE;
				CLANG_WARN_UNREACHABLE_CODE = YES;
				CLANG_WARN__DUPLICATE_METHOD_MATCH = YES;
				COPY_PHASE_STRIP = NO;
				DEBUG_INFORMATION_FORMAT = "dwarf-with-dsym";
				ENABLE_NS_ASSERTIONS = NO;
				ENABLE_STRICT_OBJC_MSGSEND = YES;
				GCC_C_LANGUAGE_STANDARD = gnu11;
				GCC_NO_COMMON_BLOCKS = YES;
				GCC_WARN_64_TO_32_BIT_CONVERSION = YES;
				GCC_WARN_ABOUT_RETURN_TYPE = YES_ERROR;
				GCC_WARN_UNDECLARED_SELECTOR = YES;
				GCC_WARN_UNINITIALIZED_AUTOS = YES_AGGRESSIVE;
				GCC_WARN_UNUSED_FUNCTION = YES;
				GCC_WARN_UNUSED_VARIABLE = YES;
				IPHONEOS_DEPLOYMENT_TARGET = 14.0;
				MTL_ENABLE_DEBUG_INFO = NO;
				MTL_FAST_MATH = YES;
				SDKROOT = iphoneos;
				SWIFT_COMPILATION_MODE = wholemodule;
				SWIFT_OPTIMIZATION_LEVEL = "-O";
				VALIDATE_PRODUCT = YES;
			};
			name = Release;
		};
		C0BF324328C5978600FF062C /* Debug */ = {
			isa = XCBuildConfiguration;
			buildSettings = {
				ASSETCATALOG_COMPILER_APPICON_NAME = AppIcon;
				ASSETCATALOG_COMPILER_GLOBAL_ACCENT_COLOR_NAME = AccentColor;
				CODE_SIGN_STYLE = Automatic;
				DEVELOPMENT_ASSET_PATHS = "\"HelloXcode/Preview Content\"";
				ENABLE_PREVIEWS = YES;
				INFOPLIST_FILE = HelloXcode/Info.plist;
				IPHONEOS_DEPLOYMENT_TARGET = 14.0;
				LD_RUNPATH_SEARCH_PATHS = (
					"$(inherited)",
					"@executable_path/Frameworks",
				);
				PRODUCT_BUNDLE_IDENTIFIER = prueba.HelloXcode;
				PRODUCT_NAME = "$(TARGET_NAME)";
				SWIFT_VERSION = 5.0;
				TARGETED_DEVICE_FAMILY = "1,2";
			};
			name = Debug;
		};
		C0BF324428C5978600FF062C /* Release */ = {
			isa = XCBuildConfiguration;
			buildSettings = {
				ASSETCATALOG_COMPILER_APPICON_NAME = AppIcon;
				ASSETCATALOG_COMPILER_GLOBAL_ACCENT_COLOR_NAME = AccentColor;
				CODE_SIGN_STYLE = Automatic;
				DEVELOPMENT_ASSET_PATHS = "\"HelloXcode/Preview Content\"";
				ENABLE_PREVIEWS = YES;
				INFOPLIST_FILE = HelloXcode/Info.plist;
				IPHONEOS_DEPLOYMENT_TARGET = 14.0;
				LD_RUNPATH_SEARCH_PATHS = (
					"$(inherited)",
					"@executable_path/Frameworks",
				);
				PRODUCT_BUNDLE_IDENTIFIER = prueba.HelloXcode;
				PRODUCT_NAME = "$(TARGET_NAME)";
				SWIFT_VERSION = 5.0;
				TARGETED_DEVICE_FAMILY = "1,2";
			};
			name = Release;
		};
		C0BF324628C5978600FF062C /* Debug */ = {
			isa = XCBuildConfiguration;
			buildSettings = {
				ALWAYS_EMBED_SWIFT_STANDARD_LIBRARIES = YES;
				BUNDLE_LOADER = "$(TEST_HOST)";
				CODE_SIGN_STYLE = Automatic;
				INFOPLIST_FILE = HelloXcodeTests/Info.plist;
				IPHONEOS_DEPLOYMENT_TARGET = 14.0;
				LD_RUNPATH_SEARCH_PATHS = (
					"$(inherited)",
					"@executable_path/Frameworks",
					"@loader_path/Frameworks",
				);
				PRODUCT_BUNDLE_IDENTIFIER = prueba.HelloXcodeTests;
				PRODUCT_NAME = "$(TARGET_NAME)";
				SWIFT_VERSION = 5.0;
				TARGETED_DEVICE_FAMILY = "1,2";
				TEST_HOST = "$(BUILT_PRODUCTS_DIR)/HelloXcode.app/HelloXcode";
			};
			name = Debug;
		};
		C0BF324728C5978600FF062C /* Release */ = {
			isa = XCBuildConfiguration;
			buildSettings = {
				ALWAYS_EMBED_SWIFT_STANDARD_LIBRARIES = YES;
				BUNDLE_LOADER = "$(TEST_HOST)";
				CODE_SIGN_STYLE = Automatic;
				INFOPLIST_FILE = HelloXcodeTests/Info.plist;
				IPHONEOS_DEPLOYMENT_TARGET = 14.0;
				LD_RUNPATH_SEARCH_PATHS = (
					"$(inherited)",
					"@executable_path/Frameworks",
					"@loader_path/Frameworks",
				);
				PRODUCT_BUNDLE_IDENTIFIER = prueba.HelloXcodeTests;
				PRODUCT_NAME = "$(TARGET_NAME)";
				SWIFT_VERSION = 5.0;
				TARGETED_DEVICE_FAMILY = "1,2";
				TEST_HOST = "$(BUILT_PRODUCTS_DIR)/HelloXcode.app/HelloXcode";
			};
			name = Release;
		};
		C0BF324928C5978600FF062C /* Debug */ = {
			isa = XCBuildConfiguration;
			buildSettings = {
				ALWAYS_EMBED_SWIFT_STANDARD_LIBRARIES = YES;
				CODE_SIGN_STYLE = Automatic;
				INFOPLIST_FILE = HelloXcodeUITests/Info.plist;
				LD_RUNPATH_SEARCH_PATHS = (
					"$(inherited)",
					"@executable_path/Frameworks",
					"@loader_path/Frameworks",
				);
				PRODUCT_BUNDLE_IDENTIFIER = prueba.HelloXcodeUITests;
				PRODUCT_NAME = "$(TARGET_NAME)";
				SWIFT_VERSION = 5.0;
				TARGETED_DEVICE_FAMILY = "1,2";
				TEST_TARGET_NAME = HelloXcode;
			};
			name = Debug;
		};
		C0BF324A28C5978600FF062C /* Release */ = {
			isa = XCBuildConfiguration;
			buildSettings = {
				ALWAYS_EMBED_SWIFT_STANDARD_LIBRARIES = YES;
				CODE_SIGN_STYLE = Automatic;
				INFOPLIST_FILE = HelloXcodeUITests/Info.plist;
				LD_RUNPATH_SEARCH_PATHS = (
					"$(inherited)",
					"@executable_path/Frameworks",
					"@loader_path/Frameworks",
				);
				PRODUCT_BUNDLE_IDENTIFIER = prueba.HelloXcodeUITests;
				PRODUCT_NAME = "$(TARGET_NAME)";
				SWIFT_VERSION = 5.0;
				TARGETED_DEVICE_FAMILY = "1,2";
				TEST_TARGET_NAME = HelloXcode;
			};
			name = Release;
		};
/* End XCBuildConfiguration section */

/* Begin XCConfigurationList section */
		C0BF321828C5978400FF062C /* Build configuration list for PBXProject "HelloXcode" */ = {
			isa = XCConfigurationList;
			buildConfigurations = (
				C0BF324028C5978600FF062C /* Debug */,
				C0BF324128C5978600FF062C /* Release */,
			);
			defaultConfigurationIsVisible = 0;
			defaultConfigurationName = Release;
		};
		C0BF324228C5978600FF062C /* Build configuration list for PBXNativeTarget "HelloXcode" */ = {
			isa = XCConfigurationList;
			buildConfigurations = (
				C0BF324328C5978600FF062C /* Debug */,
				C0BF324428C5978600FF062C /* Release */,
			);
			defaultConfigurationIsVisible = 0;
			defaultConfigurationName = Release;
		};
		C0BF324528C5978600FF062C /* Build configuration list for PBXNativeTarget "HelloXcodeTests" */ = {
			isa = XCConfigurationList;
			buildConfigurations = (
				C0BF324628C5978600FF062C /* Debug */,
				C0BF324728C5978600FF062C /* Release */,
			);
			defaultConfigurationIsVisible = 0;
			defaultConfigurationName = Release;
		};
		C0BF324828C5978600FF062C /* Build configuration list for PBXNativeTarget "HelloXcodeUITests" */ = {
			isa = XCConfigurationList;
			buildConfigurations = (
				C0BF324928C5978600FF062C /* Debug */,
				C0BF324A28C5978600FF062C /* Release */,
			);
			defaultConfigurationIsVisible = 0;
			defaultConfigurationName = Release;
		};
/* End XCConfigurationList section */
	};
	rootObject = C0BF321528C5978400FF062C /* Project object */;
}
